// !$*UTF8*$!
{
	archiveVersion = 1;
	classes = {
	};
	objectVersion = 60;
	objects = {

/* Begin PBXBuildFile section */
		591C302C2BBB2417005A5A5B /* SDWebImage in Frameworks */ = {isa = PBXBuildFile; productRef = 591C302B2BBB2417005A5A5B /* SDWebImage */; };
		591C302E2BBB2417005A5A5B /* SDWebImageMapKit in Frameworks */ = {isa = PBXBuildFile; productRef = 591C302D2BBB2417005A5A5B /* SDWebImageMapKit */; };
		591C30312BBB2455005A5A5B /* ViewDataConverter.swift in Sources */ = {isa = PBXBuildFile; fileRef = 591C30302BBB2455005A5A5B /* ViewDataConverter.swift */; };
		591C30342BBB248D005A5A5B /* SpeciesPokemon in Frameworks */ = {isa = PBXBuildFile; productRef = 591C30332BBB248D005A5A5B /* SpeciesPokemon */; };
		591C30392BBB24EB005A5A5B /* AboutCellModel.swift in Sources */ = {isa = PBXBuildFile; fileRef = 591C30382BBB24EB005A5A5B /* AboutCellModel.swift */; };
		591C303B2BBB25B2005A5A5B /* HomeRouter.swift in Sources */ = {isa = PBXBuildFile; fileRef = 591C303A2BBB25B2005A5A5B /* HomeRouter.swift */; };
		591C303D2BBB25CD005A5A5B /* HomePresenter.swift in Sources */ = {isa = PBXBuildFile; fileRef = 591C303C2BBB25CD005A5A5B /* HomePresenter.swift */; };
		591C30402BBB263D005A5A5B /* Injection.swift in Sources */ = {isa = PBXBuildFile; fileRef = 591C303F2BBB263D005A5A5B /* Injection.swift */; };
		591C30432BBB26FA005A5A5B /* String+Ext.swift in Sources */ = {isa = PBXBuildFile; fileRef = 591C30422BBB26FA005A5A5B /* String+Ext.swift */; };
		591C305B2BBB9213005A5A5B /* AboutSubViewController.swift in Sources */ = {isa = PBXBuildFile; fileRef = 591C305A2BBB9213005A5A5B /* AboutSubViewController.swift */; };
		591C305E2BBB924A005A5A5B /* AboutTableViewCell.swift in Sources */ = {isa = PBXBuildFile; fileRef = 591C305D2BBB924A005A5A5B /* AboutTableViewCell.swift */; };
		591C30602BBB9464005A5A5B /* BaseStatTableViewCell.swift in Sources */ = {isa = PBXBuildFile; fileRef = 591C305F2BBB9464005A5A5B /* BaseStatTableViewCell.swift */; };
		591C30632BBB94B0005A5A5B /* BaseStatSubViewController.swift in Sources */ = {isa = PBXBuildFile; fileRef = 591C30622BBB94B0005A5A5B /* BaseStatSubViewController.swift */; };
		5968656E2BBA893000E8A6B6 /* Base in Resources */ = {isa = PBXBuildFile; fileRef = 5968656D2BBA893000E8A6B6 /* Base */; };
		598A406F2BBB9652000EA14F /* DGCharts in Frameworks */ = {isa = PBXBuildFile; productRef = 598A406E2BBB9652000EA14F /* DGCharts */; };
		598A40712BBB9652000EA14F /* DGChartsDynamic in Frameworks */ = {isa = PBXBuildFile; productRef = 598A40702BBB9652000EA14F /* DGChartsDynamic */; };
		598A40732BBB97A3000EA14F /* MovesTableViewCell.swift in Sources */ = {isa = PBXBuildFile; fileRef = 598A40722BBB97A3000EA14F /* MovesTableViewCell.swift */; };
		598A40752BBB97F6000EA14F /* MovesSubViewController.swift in Sources */ = {isa = PBXBuildFile; fileRef = 598A40742BBB97F6000EA14F /* MovesSubViewController.swift */; };
		59A196102BBB1FB3004F5DAC /* AppDelegate.swift in Sources */ = {isa = PBXBuildFile; fileRef = 59A1960D2BBB1FB3004F5DAC /* AppDelegate.swift */; };
		59A196112BBB1FB3004F5DAC /* SceneDelegate.swift in Sources */ = {isa = PBXBuildFile; fileRef = 59A1960E2BBB1FB3004F5DAC /* SceneDelegate.swift */; };
		59A196142BBB1FBD004F5DAC /* Assets.xcassets in Resources */ = {isa = PBXBuildFile; fileRef = 59A196122BBB1FBD004F5DAC /* Assets.xcassets */; };
		59A1961F2BBB2038004F5DAC /* error.json in Resources */ = {isa = PBXBuildFile; fileRef = 59A1961C2BBB2037004F5DAC /* error.json */; };
		59A196202BBB2038004F5DAC /* empty.json in Resources */ = {isa = PBXBuildFile; fileRef = 59A1961D2BBB2037004F5DAC /* empty.json */; };
		59A196212BBB2038004F5DAC /* loading.json in Resources */ = {isa = PBXBuildFile; fileRef = 59A1961E2BBB2038004F5DAC /* loading.json */; };
		59A196282BBB20EE004F5DAC /* Common in Frameworks */ = {isa = PBXBuildFile; productRef = 59A196272BBB20EE004F5DAC /* Common */; };
		59A196302BBB2153004F5DAC /* ApiCall.swift in Sources */ = {isa = PBXBuildFile; fileRef = 59A1962F2BBB2153004F5DAC /* ApiCall.swift */; };
		59A196322BBB21DD004F5DAC /* HomeViewController.swift in Sources */ = {isa = PBXBuildFile; fileRef = 59A196312BBB21DD004F5DAC /* HomeViewController.swift */; };
		59A196352BBB21F8004F5DAC /* PokemonCollectionViewCell.swift in Sources */ = {isa = PBXBuildFile; fileRef = 59A196342BBB21F8004F5DAC /* PokemonCollectionViewCell.swift */; };
		59A196382BBB2230004F5DAC /* GeneralPokemon in Frameworks */ = {isa = PBXBuildFile; productRef = 59A196372BBB2230004F5DAC /* GeneralPokemon */; };
		59A1963B2BBB22BE004F5DAC /* Lottie in Frameworks */ = {isa = PBXBuildFile; productRef = 59A1963A2BBB22BE004F5DAC /* Lottie */; };
/* End PBXBuildFile section */

/* Begin PBXFileReference section */
		591C30302BBB2455005A5A5B /* ViewDataConverter.swift */ = {isa = PBXFileReference; lastKnownFileType = sourcecode.swift; name = ViewDataConverter.swift; path = Pokedex/Util/Mapper/ViewDataConverter.swift; sourceTree = SOURCE_ROOT; };
		591C30382BBB24EB005A5A5B /* AboutCellModel.swift */ = {isa = PBXFileReference; lastKnownFileType = sourcecode.swift; name = AboutCellModel.swift; path = Pokedex/Core/Domain/Model/AboutCellModel.swift; sourceTree = SOURCE_ROOT; };
		591C303A2BBB25B2005A5A5B /* HomeRouter.swift */ = {isa = PBXFileReference; lastKnownFileType = sourcecode.swift; name = HomeRouter.swift; path = Pokedex/Screen/Home/Router/HomeRouter.swift; sourceTree = SOURCE_ROOT; };
		591C303C2BBB25CD005A5A5B /* HomePresenter.swift */ = {isa = PBXFileReference; lastKnownFileType = sourcecode.swift; name = HomePresenter.swift; path = Pokedex/Screen/Home/Presenter/HomePresenter.swift; sourceTree = SOURCE_ROOT; };
		591C303F2BBB263D005A5A5B /* Injection.swift */ = {isa = PBXFileReference; lastKnownFileType = sourcecode.swift; name = Injection.swift; path = Pokedex/Core/Injection/Injection.swift; sourceTree = SOURCE_ROOT; };
		591C30422BBB26FA005A5A5B /* String+Ext.swift */ = {isa = PBXFileReference; lastKnownFileType = sourcecode.swift; name = "String+Ext.swift"; path = "Pokedex/Util/Extension/String+Ext.swift"; sourceTree = SOURCE_ROOT; };
		591C305A2BBB9213005A5A5B /* AboutSubViewController.swift */ = {isa = PBXFileReference; lastKnownFileType = sourcecode.swift; name = AboutSubViewController.swift; path = Pokedex/Screen/Detail/View/Subview/AboutSubViewController.swift; sourceTree = SOURCE_ROOT; };
		591C305D2BBB924A005A5A5B /* AboutTableViewCell.swift */ = {isa = PBXFileReference; lastKnownFileType = sourcecode.swift; name = AboutTableViewCell.swift; path = Pokedex/Screen/Detail/View/Subview/Subcell/AboutTableViewCell.swift; sourceTree = SOURCE_ROOT; };
		591C305F2BBB9464005A5A5B /* BaseStatTableViewCell.swift */ = {isa = PBXFileReference; lastKnownFileType = sourcecode.swift; name = BaseStatTableViewCell.swift; path = Pokedex/Screen/Detail/View/Subview/Subcell/BaseStatTableViewCell.swift; sourceTree = SOURCE_ROOT; };
		591C30622BBB94B0005A5A5B /* BaseStatSubViewController.swift */ = {isa = PBXFileReference; lastKnownFileType = sourcecode.swift; name = BaseStatSubViewController.swift; path = Pokedex/Screen/Detail/View/Subview/BaseStatSubViewController.swift; sourceTree = SOURCE_ROOT; };
		5968655E2BBA892D00E8A6B6 /* pokedex.app */ = {isa = PBXFileReference; explicitFileType = wrapper.application; includeInIndex = 0; path = pokedex.app; sourceTree = BUILT_PRODUCTS_DIR; };
		5968656D2BBA893000E8A6B6 /* Base */ = {isa = PBXFileReference; lastKnownFileType = file.storyboard; name = Base; path = Base.lproj/LaunchScreen.storyboard; sourceTree = "<group>"; };
		5968656F2BBA893000E8A6B6 /* Info.plist */ = {isa = PBXFileReference; lastKnownFileType = text.plist.xml; path = Info.plist; sourceTree = "<group>"; };
		598A40722BBB97A3000EA14F /* MovesTableViewCell.swift */ = {isa = PBXFileReference; lastKnownFileType = sourcecode.swift; name = MovesTableViewCell.swift; path = Pokedex/Screen/Detail/View/Subview/Subcell/MovesTableViewCell.swift; sourceTree = SOURCE_ROOT; };
		598A40742BBB97F6000EA14F /* MovesSubViewController.swift */ = {isa = PBXFileReference; lastKnownFileType = sourcecode.swift; name = MovesSubViewController.swift; path = Pokedex/Screen/Detail/View/Subview/MovesSubViewController.swift; sourceTree = SOURCE_ROOT; };
		59A1960D2BBB1FB3004F5DAC /* AppDelegate.swift */ = {isa = PBXFileReference; fileEncoding = 4; lastKnownFileType = sourcecode.swift; path = AppDelegate.swift; sourceTree = "<group>"; };
		59A1960E2BBB1FB3004F5DAC /* SceneDelegate.swift */ = {isa = PBXFileReference; fileEncoding = 4; lastKnownFileType = sourcecode.swift; path = SceneDelegate.swift; sourceTree = "<group>"; };
		59A196122BBB1FBD004F5DAC /* Assets.xcassets */ = {isa = PBXFileReference; lastKnownFileType = folder.assetcatalog; path = Assets.xcassets; sourceTree = "<group>"; };
		59A1961C2BBB2037004F5DAC /* error.json */ = {isa = PBXFileReference; fileEncoding = 4; lastKnownFileType = text.json; path = error.json; sourceTree = "<group>"; };
		59A1961D2BBB2037004F5DAC /* empty.json */ = {isa = PBXFileReference; fileEncoding = 4; lastKnownFileType = text.json; path = empty.json; sourceTree = "<group>"; };
		59A1961E2BBB2038004F5DAC /* loading.json */ = {isa = PBXFileReference; fileEncoding = 4; lastKnownFileType = text.json; path = loading.json; sourceTree = "<group>"; };
		59A1962F2BBB2153004F5DAC /* ApiCall.swift */ = {isa = PBXFileReference; lastKnownFileType = sourcecode.swift; name = ApiCall.swift; path = Pokedex/Util/Endpoint/ApiCall.swift; sourceTree = SOURCE_ROOT; };
		59A196312BBB21DD004F5DAC /* HomeViewController.swift */ = {isa = PBXFileReference; lastKnownFileType = sourcecode.swift; name = HomeViewController.swift; path = Pokedex/Screen/Home/View/HomeViewController.swift; sourceTree = SOURCE_ROOT; };
		59A196342BBB21F8004F5DAC /* PokemonCollectionViewCell.swift */ = {isa = PBXFileReference; lastKnownFileType = sourcecode.swift; name = PokemonCollectionViewCell.swift; path = Pokedex/Screen/Home/View/Cell/PokemonCollectionViewCell.swift; sourceTree = SOURCE_ROOT; };
/* End PBXFileReference section */

/* Begin PBXFrameworksBuildPhase section */
		5968655B2BBA892D00E8A6B6 /* Frameworks */ = {
			isa = PBXFrameworksBuildPhase;
			buildActionMask = 2147483647;
			files = (
				59A196282BBB20EE004F5DAC /* Common in Frameworks */,
				591C302E2BBB2417005A5A5B /* SDWebImageMapKit in Frameworks */,
				59A196382BBB2230004F5DAC /* GeneralPokemon in Frameworks */,
				591C302C2BBB2417005A5A5B /* SDWebImage in Frameworks */,
				598A40712BBB9652000EA14F /* DGChartsDynamic in Frameworks */,
				59A1963B2BBB22BE004F5DAC /* Lottie in Frameworks */,
				598A406F2BBB9652000EA14F /* DGCharts in Frameworks */,
				591C30342BBB248D005A5A5B /* SpeciesPokemon in Frameworks */,
			);
			runOnlyForDeploymentPostprocessing = 0;
		};
/* End PBXFrameworksBuildPhase section */

/* Begin PBXGroup section */
		591C302F2BBB2446005A5A5B /* Mapper */ = {
			isa = PBXGroup;
			children = (
				591C30302BBB2455005A5A5B /* ViewDataConverter.swift */,
			);
			path = Mapper;
			sourceTree = "<group>";
		};
		591C30352BBB24CD005A5A5B /* Core */ = {
			isa = PBXGroup;
			children = (
				591C303E2BBB2630005A5A5B /* Injection */,
				591C30362BBB24D6005A5A5B /* Domain */,
			);
			path = Core;
			sourceTree = "<group>";
		};
		591C30362BBB24D6005A5A5B /* Domain */ = {
			isa = PBXGroup;
			children = (
				591C30372BBB24DF005A5A5B /* Model */,
			);
			path = Domain;
			sourceTree = "<group>";
		};
		591C30372BBB24DF005A5A5B /* Model */ = {
			isa = PBXGroup;
			children = (
				591C30382BBB24EB005A5A5B /* AboutCellModel.swift */,
			);
			path = Model;
			sourceTree = "<group>";
		};
		591C303E2BBB2630005A5A5B /* Injection */ = {
			isa = PBXGroup;
			children = (
				591C303F2BBB263D005A5A5B /* Injection.swift */,
			);
			path = Injection;
			sourceTree = "<group>";
		};
		591C30412BBB26F2005A5A5B /* Extension */ = {
			isa = PBXGroup;
			children = (
				591C30422BBB26FA005A5A5B /* String+Ext.swift */,
			);
			path = Extension;
			sourceTree = "<group>";
		};
		591C30572BBB91CA005A5A5B /* Detail */ = {
			isa = PBXGroup;
			children = (
				591C30582BBB91CF005A5A5B /* View */,
			);
			path = Detail;
			sourceTree = "<group>";
		};
		591C30582BBB91CF005A5A5B /* View */ = {
			isa = PBXGroup;
			children = (
				591C30592BBB9202005A5A5B /* Subview */,
			);
			path = View;
			sourceTree = "<group>";
		};
		591C30592BBB9202005A5A5B /* Subview */ = {
			isa = PBXGroup;
			children = (
				591C305C2BBB9238005A5A5B /* Subcell */,
				591C305A2BBB9213005A5A5B /* AboutSubViewController.swift */,
				591C30622BBB94B0005A5A5B /* BaseStatSubViewController.swift */,
				598A40742BBB97F6000EA14F /* MovesSubViewController.swift */,
			);
			path = Subview;
			sourceTree = "<group>";
		};
		591C305C2BBB9238005A5A5B /* Subcell */ = {
			isa = PBXGroup;
			children = (
				591C305D2BBB924A005A5A5B /* AboutTableViewCell.swift */,
				591C305F2BBB9464005A5A5B /* BaseStatTableViewCell.swift */,
				598A40722BBB97A3000EA14F /* MovesTableViewCell.swift */,
			);
			path = Subcell;
			sourceTree = "<group>";
		};
		596865552BBA892D00E8A6B6 = {
			isa = PBXGroup;
			children = (
				596865602BBA892D00E8A6B6 /* pokedex */,
				5968655F2BBA892D00E8A6B6 /* Products */,
			);
			sourceTree = "<group>";
		};
		5968655F2BBA892D00E8A6B6 /* Products */ = {
			isa = PBXGroup;
			children = (
				5968655E2BBA892D00E8A6B6 /* pokedex.app */,
			);
			name = Products;
			sourceTree = "<group>";
		};
		596865602BBA892D00E8A6B6 /* pokedex */ = {
			isa = PBXGroup;
			children = (
				591C30352BBB24CD005A5A5B /* Core */,
				59A1962D2BBB213F004F5DAC /* Util */,
				59A196222BBB2075004F5DAC /* Screen */,
				59A196132BBB1FBD004F5DAC /* Asset */,
				59A1960F2BBB1FB3004F5DAC /* App */,
				5968656C2BBA893000E8A6B6 /* LaunchScreen.storyboard */,
				5968656F2BBA893000E8A6B6 /* Info.plist */,
			);
			path = pokedex;
			sourceTree = "<group>";
		};
		59A1960F2BBB1FB3004F5DAC /* App */ = {
			isa = PBXGroup;
			children = (
				59A1960D2BBB1FB3004F5DAC /* AppDelegate.swift */,
				59A1960E2BBB1FB3004F5DAC /* SceneDelegate.swift */,
			);
			name = App;
			path = Pokedex/App;
			sourceTree = SOURCE_ROOT;
		};
		59A196132BBB1FBD004F5DAC /* Asset */ = {
			isa = PBXGroup;
			children = (
				59A196152BBB1FED004F5DAC /* Lottie */,
				59A196122BBB1FBD004F5DAC /* Assets.xcassets */,
			);
			name = Asset;
			path = Pokedex/Asset;
			sourceTree = SOURCE_ROOT;
		};
		59A196152BBB1FED004F5DAC /* Lottie */ = {
			isa = PBXGroup;
			children = (
				59A1961D2BBB2037004F5DAC /* empty.json */,
				59A1961C2BBB2037004F5DAC /* error.json */,
				59A1961E2BBB2038004F5DAC /* loading.json */,
			);
			path = Lottie;
			sourceTree = "<group>";
		};
		59A196222BBB2075004F5DAC /* Screen */ = {
			isa = PBXGroup;
			children = (
				591C30572BBB91CA005A5A5B /* Detail */,
				59A196292BBB211B004F5DAC /* Home */,
			);
			path = Screen;
			sourceTree = "<group>";
		};
		59A196292BBB211B004F5DAC /* Home */ = {
			isa = PBXGroup;
			children = (
				59A1962C2BBB212C004F5DAC /* Router */,
				59A1962B2BBB2127004F5DAC /* Presenter */,
				59A1962A2BBB2123004F5DAC /* View */,
			);
			path = Home;
			sourceTree = "<group>";
		};
		59A1962A2BBB2123004F5DAC /* View */ = {
			isa = PBXGroup;
			children = (
				59A196332BBB21E3004F5DAC /* Cell */,
				59A196312BBB21DD004F5DAC /* HomeViewController.swift */,
			);
			path = View;
			sourceTree = "<group>";
		};
		59A1962B2BBB2127004F5DAC /* Presenter */ = {
			isa = PBXGroup;
			children = (
				591C303C2BBB25CD005A5A5B /* HomePresenter.swift */,
			);
			path = Presenter;
			sourceTree = "<group>";
		};
		59A1962C2BBB212C004F5DAC /* Router */ = {
			isa = PBXGroup;
			children = (
				591C303A2BBB25B2005A5A5B /* HomeRouter.swift */,
			);
			path = Router;
			sourceTree = "<group>";
		};
		59A1962D2BBB213F004F5DAC /* Util */ = {
			isa = PBXGroup;
			children = (
				591C30412BBB26F2005A5A5B /* Extension */,
				591C302F2BBB2446005A5A5B /* Mapper */,
				59A1962E2BBB2147004F5DAC /* Endpoint */,
			);
			path = Util;
			sourceTree = "<group>";
		};
		59A1962E2BBB2147004F5DAC /* Endpoint */ = {
			isa = PBXGroup;
			children = (
				59A1962F2BBB2153004F5DAC /* ApiCall.swift */,
			);
			path = Endpoint;
			sourceTree = "<group>";
		};
		59A196332BBB21E3004F5DAC /* Cell */ = {
			isa = PBXGroup;
			children = (
				59A196342BBB21F8004F5DAC /* PokemonCollectionViewCell.swift */,
			);
			path = Cell;
			sourceTree = "<group>";
		};
/* End PBXGroup section */

/* Begin PBXNativeTarget section */
		5968655D2BBA892D00E8A6B6 /* pokedex */ = {
			isa = PBXNativeTarget;
			buildConfigurationList = 596865722BBA893000E8A6B6 /* Build configuration list for PBXNativeTarget "pokedex" */;
			buildPhases = (
				5968655A2BBA892D00E8A6B6 /* Sources */,
				5968655B2BBA892D00E8A6B6 /* Frameworks */,
				5968655C2BBA892D00E8A6B6 /* Resources */,
			);
			buildRules = (
			);
			dependencies = (
			);
			name = pokedex;
			packageProductDependencies = (
				59A196272BBB20EE004F5DAC /* Common */,
				59A196372BBB2230004F5DAC /* GeneralPokemon */,
				59A1963A2BBB22BE004F5DAC /* Lottie */,
				591C302B2BBB2417005A5A5B /* SDWebImage */,
				591C302D2BBB2417005A5A5B /* SDWebImageMapKit */,
				591C30332BBB248D005A5A5B /* SpeciesPokemon */,
				598A406E2BBB9652000EA14F /* DGCharts */,
				598A40702BBB9652000EA14F /* DGChartsDynamic */,
			);
			productName = pokedex;
			productReference = 5968655E2BBA892D00E8A6B6 /* pokedex.app */;
			productType = "com.apple.product-type.application";
		};
/* End PBXNativeTarget section */

/* Begin PBXProject section */
		596865562BBA892D00E8A6B6 /* Project object */ = {
			isa = PBXProject;
			attributes = {
				BuildIndependentTargetsInParallel = 1;
				LastSwiftUpdateCheck = 1530;
				LastUpgradeCheck = 1530;
				TargetAttributes = {
					5968655D2BBA892D00E8A6B6 = {
						CreatedOnToolsVersion = 15.3;
					};
				};
			};
			buildConfigurationList = 596865592BBA892D00E8A6B6 /* Build configuration list for PBXProject "Pokedex" */;
			compatibilityVersion = "Xcode 14.0";
			developmentRegion = en;
			hasScannedForEncodings = 0;
			knownRegions = (
				en,
				Base,
			);
			mainGroup = 596865552BBA892D00E8A6B6;
			packageReferences = (
				5910D8482BBAE6A100DEA3D5 /* XCLocalSwiftPackageReference "../Module/Core" */,
				59A196262BBB20EE004F5DAC /* XCLocalSwiftPackageReference "../Module/Common" */,
				59A196362BBB2230004F5DAC /* XCLocalSwiftPackageReference "../Module/GeneralPokemon" */,
				59A196392BBB22BE004F5DAC /* XCRemoteSwiftPackageReference "lottie-ios" */,
				591C302A2BBB2417005A5A5B /* XCRemoteSwiftPackageReference "SDWebImage" */,
				591C30322BBB248D005A5A5B /* XCLocalSwiftPackageReference "../Module/SpeciesPokemon" */,
				598A406D2BBB9652000EA14F /* XCRemoteSwiftPackageReference "Charts" */,
			);
			productRefGroup = 5968655F2BBA892D00E8A6B6 /* Products */;
			projectDirPath = "";
			projectRoot = "";
			targets = (
				5968655D2BBA892D00E8A6B6 /* pokedex */,
			);
		};
/* End PBXProject section */

/* Begin PBXResourcesBuildPhase section */
		5968655C2BBA892D00E8A6B6 /* Resources */ = {
			isa = PBXResourcesBuildPhase;
			buildActionMask = 2147483647;
			files = (
				59A1961F2BBB2038004F5DAC /* error.json in Resources */,
				59A196202BBB2038004F5DAC /* empty.json in Resources */,
				59A196142BBB1FBD004F5DAC /* Assets.xcassets in Resources */,
				5968656E2BBA893000E8A6B6 /* Base in Resources */,
				59A196212BBB2038004F5DAC /* loading.json in Resources */,
			);
			runOnlyForDeploymentPostprocessing = 0;
		};
/* End PBXResourcesBuildPhase section */

/* Begin PBXSourcesBuildPhase section */
		5968655A2BBA892D00E8A6B6 /* Sources */ = {
			isa = PBXSourcesBuildPhase;
			buildActionMask = 2147483647;
			files = (
				598A40732BBB97A3000EA14F /* MovesTableViewCell.swift in Sources */,
				59A196102BBB1FB3004F5DAC /* AppDelegate.swift in Sources */,
				591C30632BBB94B0005A5A5B /* BaseStatSubViewController.swift in Sources */,
				591C30392BBB24EB005A5A5B /* AboutCellModel.swift in Sources */,
				59A196302BBB2153004F5DAC /* ApiCall.swift in Sources */,
				59A196112BBB1FB3004F5DAC /* SceneDelegate.swift in Sources */,
				59A196352BBB21F8004F5DAC /* PokemonCollectionViewCell.swift in Sources */,
				591C30402BBB263D005A5A5B /* Injection.swift in Sources */,
				591C30602BBB9464005A5A5B /* BaseStatTableViewCell.swift in Sources */,
				591C303B2BBB25B2005A5A5B /* HomeRouter.swift in Sources */,
				591C303D2BBB25CD005A5A5B /* HomePresenter.swift in Sources */,
				59A196322BBB21DD004F5DAC /* HomeViewController.swift in Sources */,
				591C305E2BBB924A005A5A5B /* AboutTableViewCell.swift in Sources */,
				591C30432BBB26FA005A5A5B /* String+Ext.swift in Sources */,
				598A40752BBB97F6000EA14F /* MovesSubViewController.swift in Sources */,
				591C30312BBB2455005A5A5B /* ViewDataConverter.swift in Sources */,
				591C305B2BBB9213005A5A5B /* AboutSubViewController.swift in Sources */,
			);
			runOnlyForDeploymentPostprocessing = 0;
		};
/* End PBXSourcesBuildPhase section */

/* Begin PBXVariantGroup section */
		5968656C2BBA893000E8A6B6 /* LaunchScreen.storyboard */ = {
			isa = PBXVariantGroup;
			children = (
				5968656D2BBA893000E8A6B6 /* Base */,
			);
			name = LaunchScreen.storyboard;
			sourceTree = "<group>";
		};
/* End PBXVariantGroup section */

/* Begin XCBuildConfiguration section */
		596865702BBA893000E8A6B6 /* Debug */ = {
			isa = XCBuildConfiguration;
			buildSettings = {
				ALWAYS_SEARCH_USER_PATHS = NO;
				ASSETCATALOG_COMPILER_GENERATE_SWIFT_ASSET_SYMBOL_EXTENSIONS = YES;
				CLANG_ANALYZER_NONNULL = YES;
				CLANG_ANALYZER_NUMBER_OBJECT_CONVERSION = YES_AGGRESSIVE;
				CLANG_CXX_LANGUAGE_STANDARD = "gnu++20";
				CLANG_ENABLE_MODULES = YES;
				CLANG_ENABLE_OBJC_ARC = YES;
				CLANG_ENABLE_OBJC_WEAK = YES;
				CLANG_WARN_BLOCK_CAPTURE_AUTORELEASING = YES;
				CLANG_WARN_BOOL_CONVERSION = YES;
				CLANG_WARN_COMMA = YES;
				CLANG_WARN_CONSTANT_CONVERSION = YES;
				CLANG_WARN_DEPRECATED_OBJC_IMPLEMENTATIONS = YES;
				CLANG_WARN_DIRECT_OBJC_ISA_USAGE = YES_ERROR;
				CLANG_WARN_DOCUMENTATION_COMMENTS = YES;
				CLANG_WARN_EMPTY_BODY = YES;
				CLANG_WARN_ENUM_CONVERSION = YES;
				CLANG_WARN_INFINITE_RECURSION = YES;
				CLANG_WARN_INT_CONVERSION = YES;
				CLANG_WARN_NON_LITERAL_NULL_CONVERSION = YES;
				CLANG_WARN_OBJC_IMPLICIT_RETAIN_SELF = YES;
				CLANG_WARN_OBJC_LITERAL_CONVERSION = YES;
				CLANG_WARN_OBJC_ROOT_CLASS = YES_ERROR;
				CLANG_WARN_QUOTED_INCLUDE_IN_FRAMEWORK_HEADER = YES;
				CLANG_WARN_RANGE_LOOP_ANALYSIS = YES;
				CLANG_WARN_STRICT_PROTOTYPES = YES;
				CLANG_WARN_SUSPICIOUS_MOVE = YES;
				CLANG_WARN_UNGUARDED_AVAILABILITY = YES_AGGRESSIVE;
				CLANG_WARN_UNREACHABLE_CODE = YES;
				CLANG_WARN__DUPLICATE_METHOD_MATCH = YES;
				COPY_PHASE_STRIP = NO;
				DEBUG_INFORMATION_FORMAT = dwarf;
				ENABLE_STRICT_OBJC_MSGSEND = YES;
				ENABLE_TESTABILITY = YES;
				ENABLE_USER_SCRIPT_SANDBOXING = YES;
				GCC_C_LANGUAGE_STANDARD = gnu17;
				GCC_DYNAMIC_NO_PIC = NO;
				GCC_NO_COMMON_BLOCKS = YES;
				GCC_OPTIMIZATION_LEVEL = 0;
				GCC_PREPROCESSOR_DEFINITIONS = (
					"DEBUG=1",
					"$(inherited)",
				);
				GCC_WARN_64_TO_32_BIT_CONVERSION = YES;
				GCC_WARN_ABOUT_RETURN_TYPE = YES_ERROR;
				GCC_WARN_UNDECLARED_SELECTOR = YES;
				GCC_WARN_UNINITIALIZED_AUTOS = YES_AGGRESSIVE;
				GCC_WARN_UNUSED_FUNCTION = YES;
				GCC_WARN_UNUSED_VARIABLE = YES;
				IPHONEOS_DEPLOYMENT_TARGET = 17.4;
				LOCALIZATION_PREFERS_STRING_CATALOGS = YES;
				MTL_ENABLE_DEBUG_INFO = INCLUDE_SOURCE;
				MTL_FAST_MATH = YES;
				ONLY_ACTIVE_ARCH = YES;
				SDKROOT = iphoneos;
				SWIFT_ACTIVE_COMPILATION_CONDITIONS = "DEBUG $(inherited)";
				SWIFT_OPTIMIZATION_LEVEL = "-Onone";
			};
			name = Debug;
		};
		596865712BBA893000E8A6B6 /* Release */ = {
			isa = XCBuildConfiguration;
			buildSettings = {
				ALWAYS_SEARCH_USER_PATHS = NO;
				ASSETCATALOG_COMPILER_GENERATE_SWIFT_ASSET_SYMBOL_EXTENSIONS = YES;
				CLANG_ANALYZER_NONNULL = YES;
				CLANG_ANALYZER_NUMBER_OBJECT_CONVERSION = YES_AGGRESSIVE;
				CLANG_CXX_LANGUAGE_STANDARD = "gnu++20";
				CLANG_ENABLE_MODULES = YES;
				CLANG_ENABLE_OBJC_ARC = YES;
				CLANG_ENABLE_OBJC_WEAK = YES;
				CLANG_WARN_BLOCK_CAPTURE_AUTORELEASING = YES;
				CLANG_WARN_BOOL_CONVERSION = YES;
				CLANG_WARN_COMMA = YES;
				CLANG_WARN_CONSTANT_CONVERSION = YES;
				CLANG_WARN_DEPRECATED_OBJC_IMPLEMENTATIONS = YES;
				CLANG_WARN_DIRECT_OBJC_ISA_USAGE = YES_ERROR;
				CLANG_WARN_DOCUMENTATION_COMMENTS = YES;
				CLANG_WARN_EMPTY_BODY = YES;
				CLANG_WARN_ENUM_CONVERSION = YES;
				CLANG_WARN_INFINITE_RECURSION = YES;
				CLANG_WARN_INT_CONVERSION = YES;
				CLANG_WARN_NON_LITERAL_NULL_CONVERSION = YES;
				CLANG_WARN_OBJC_IMPLICIT_RETAIN_SELF = YES;
				CLANG_WARN_OBJC_LITERAL_CONVERSION = YES;
				CLANG_WARN_OBJC_ROOT_CLASS = YES_ERROR;
				CLANG_WARN_QUOTED_INCLUDE_IN_FRAMEWORK_HEADER = YES;
				CLANG_WARN_RANGE_LOOP_ANALYSIS = YES;
				CLANG_WARN_STRICT_PROTOTYPES = YES;
				CLANG_WARN_SUSPICIOUS_MOVE = YES;
				CLANG_WARN_UNGUARDED_AVAILABILITY = YES_AGGRESSIVE;
				CLANG_WARN_UNREACHABLE_CODE = YES;
				CLANG_WARN__DUPLICATE_METHOD_MATCH = YES;
				COPY_PHASE_STRIP = NO;
				DEBUG_INFORMATION_FORMAT = "dwarf-with-dsym";
				ENABLE_NS_ASSERTIONS = NO;
				ENABLE_STRICT_OBJC_MSGSEND = YES;
				ENABLE_USER_SCRIPT_SANDBOXING = YES;
				GCC_C_LANGUAGE_STANDARD = gnu17;
				GCC_NO_COMMON_BLOCKS = YES;
				GCC_WARN_64_TO_32_BIT_CONVERSION = YES;
				GCC_WARN_ABOUT_RETURN_TYPE = YES_ERROR;
				GCC_WARN_UNDECLARED_SELECTOR = YES;
				GCC_WARN_UNINITIALIZED_AUTOS = YES_AGGRESSIVE;
				GCC_WARN_UNUSED_FUNCTION = YES;
				GCC_WARN_UNUSED_VARIABLE = YES;
				IPHONEOS_DEPLOYMENT_TARGET = 17.4;
				LOCALIZATION_PREFERS_STRING_CATALOGS = YES;
				MTL_ENABLE_DEBUG_INFO = NO;
				MTL_FAST_MATH = YES;
				SDKROOT = iphoneos;
				SWIFT_COMPILATION_MODE = wholemodule;
				VALIDATE_PRODUCT = YES;
			};
			name = Release;
		};
		596865732BBA893000E8A6B6 /* Debug */ = {
			isa = XCBuildConfiguration;
			buildSettings = {
				ASSETCATALOG_COMPILER_APPICON_NAME = AppIcon;
				ASSETCATALOG_COMPILER_GLOBAL_ACCENT_COLOR_NAME = AccentColor;
				CODE_SIGN_STYLE = Automatic;
				CURRENT_PROJECT_VERSION = 1;
				DEVELOPMENT_TEAM = 3F8C4P2T95;
				GENERATE_INFOPLIST_FILE = YES;
				INFOPLIST_FILE = pokedex/Info.plist;
				INFOPLIST_KEY_UIApplicationSupportsIndirectInputEvents = YES;
				INFOPLIST_KEY_UILaunchStoryboardName = LaunchScreen;
				INFOPLIST_KEY_UISupportedInterfaceOrientations_iPad = "UIInterfaceOrientationPortrait UIInterfaceOrientationPortraitUpsideDown UIInterfaceOrientationLandscapeLeft UIInterfaceOrientationLandscapeRight";
				INFOPLIST_KEY_UISupportedInterfaceOrientations_iPhone = "UIInterfaceOrientationPortrait UIInterfaceOrientationLandscapeLeft UIInterfaceOrientationLandscapeRight";
				LD_RUNPATH_SEARCH_PATHS = (
					"$(inherited)",
					"@executable_path/Frameworks",
				);
				MARKETING_VERSION = 1.0;
				PRODUCT_BUNDLE_IDENTIFIER = com.rivaldofez.pokedex;
				PRODUCT_NAME = "$(TARGET_NAME)";
				SWIFT_EMIT_LOC_STRINGS = YES;
				SWIFT_VERSION = 5.0;
				TARGETED_DEVICE_FAMILY = "1,2";
			};
			name = Debug;
		};
		596865742BBA893000E8A6B6 /* Release */ = {
			isa = XCBuildConfiguration;
			buildSettings = {
				ASSETCATALOG_COMPILER_APPICON_NAME = AppIcon;
				ASSETCATALOG_COMPILER_GLOBAL_ACCENT_COLOR_NAME = AccentColor;
				CODE_SIGN_STYLE = Automatic;
				CURRENT_PROJECT_VERSION = 1;
				DEVELOPMENT_TEAM = 3F8C4P2T95;
				GENERATE_INFOPLIST_FILE = YES;
				INFOPLIST_FILE = pokedex/Info.plist;
				INFOPLIST_KEY_UIApplicationSupportsIndirectInputEvents = YES;
				INFOPLIST_KEY_UILaunchStoryboardName = LaunchScreen;
				INFOPLIST_KEY_UISupportedInterfaceOrientations_iPad = "UIInterfaceOrientationPortrait UIInterfaceOrientationPortraitUpsideDown UIInterfaceOrientationLandscapeLeft UIInterfaceOrientationLandscapeRight";
				INFOPLIST_KEY_UISupportedInterfaceOrientations_iPhone = "UIInterfaceOrientationPortrait UIInterfaceOrientationLandscapeLeft UIInterfaceOrientationLandscapeRight";
				LD_RUNPATH_SEARCH_PATHS = (
					"$(inherited)",
					"@executable_path/Frameworks",
				);
				MARKETING_VERSION = 1.0;
				PRODUCT_BUNDLE_IDENTIFIER = com.rivaldofez.pokedex;
				PRODUCT_NAME = "$(TARGET_NAME)";
				SWIFT_EMIT_LOC_STRINGS = YES;
				SWIFT_VERSION = 5.0;
				TARGETED_DEVICE_FAMILY = "1,2";
			};
			name = Release;
		};
/* End XCBuildConfiguration section */

/* Begin XCConfigurationList section */
		596865592BBA892D00E8A6B6 /* Build configuration list for PBXProject "Pokedex" */ = {
			isa = XCConfigurationList;
			buildConfigurations = (
				596865702BBA893000E8A6B6 /* Debug */,
				596865712BBA893000E8A6B6 /* Release */,
			);
			defaultConfigurationIsVisible = 0;
			defaultConfigurationName = Release;
		};
		596865722BBA893000E8A6B6 /* Build configuration list for PBXNativeTarget "pokedex" */ = {
			isa = XCConfigurationList;
			buildConfigurations = (
				596865732BBA893000E8A6B6 /* Debug */,
				596865742BBA893000E8A6B6 /* Release */,
			);
			defaultConfigurationIsVisible = 0;
			defaultConfigurationName = Release;
		};
/* End XCConfigurationList section */

/* Begin XCLocalSwiftPackageReference section */
		5910D8482BBAE6A100DEA3D5 /* XCLocalSwiftPackageReference "../Module/Core" */ = {
			isa = XCLocalSwiftPackageReference;
			relativePath = ../Module/Core;
		};
		591C30322BBB248D005A5A5B /* XCLocalSwiftPackageReference "../Module/SpeciesPokemon" */ = {
			isa = XCLocalSwiftPackageReference;
			relativePath = ../Module/SpeciesPokemon;
		};
		59A196262BBB20EE004F5DAC /* XCLocalSwiftPackageReference "../Module/Common" */ = {
			isa = XCLocalSwiftPackageReference;
			relativePath = ../Module/Common;
		};
		59A196362BBB2230004F5DAC /* XCLocalSwiftPackageReference "../Module/GeneralPokemon" */ = {
			isa = XCLocalSwiftPackageReference;
			relativePath = ../Module/GeneralPokemon;
		};
/* End XCLocalSwiftPackageReference section */

/* Begin XCRemoteSwiftPackageReference section */
		591C302A2BBB2417005A5A5B /* XCRemoteSwiftPackageReference "SDWebImage" */ = {
			isa = XCRemoteSwiftPackageReference;
			repositoryURL = "https://github.com/SDWebImage/SDWebImage";
			requirement = {
				kind = upToNextMajorVersion;
				minimumVersion = 5.19.1;
			};
		};
		598A406D2BBB9652000EA14F /* XCRemoteSwiftPackageReference "Charts" */ = {
			isa = XCRemoteSwiftPackageReference;
			repositoryURL = "https://github.com/ChartsOrg/Charts";
			requirement = {
				kind = upToNextMajorVersion;
				minimumVersion = 5.1.0;
			};
		};
		59A196392BBB22BE004F5DAC /* XCRemoteSwiftPackageReference "lottie-ios" */ = {
			isa = XCRemoteSwiftPackageReference;
			repositoryURL = "https://github.com/airbnb/lottie-ios";
			requirement = {
				kind = upToNextMajorVersion;
				minimumVersion = 4.4.1;
			};
		};
/* End XCRemoteSwiftPackageReference section */

/* Begin XCSwiftPackageProductDependency section */
		591C302B2BBB2417005A5A5B /* SDWebImage */ = {
			isa = XCSwiftPackageProductDependency;
			package = 591C302A2BBB2417005A5A5B /* XCRemoteSwiftPackageReference "SDWebImage" */;
			productName = SDWebImage;
		};
		591C302D2BBB2417005A5A5B /* SDWebImageMapKit */ = {
			isa = XCSwiftPackageProductDependency;
			package = 591C302A2BBB2417005A5A5B /* XCRemoteSwiftPackageReference "SDWebImage" */;
			productName = SDWebImageMapKit;
		};
		591C30332BBB248D005A5A5B /* SpeciesPokemon */ = {
			isa = XCSwiftPackageProductDependency;
			productName = SpeciesPokemon;
		};
		598A406E2BBB9652000EA14F /* DGCharts */ = {
			isa = XCSwiftPackageProductDependency;
			package = 598A406D2BBB9652000EA14F /* XCRemoteSwiftPackageReference "Charts" */;
			productName = DGCharts;
		};
		598A40702BBB9652000EA14F /* DGChartsDynamic */ = {
			isa = XCSwiftPackageProductDependency;
			package = 598A406D2BBB9652000EA14F /* XCRemoteSwiftPackageReference "Charts" */;
			productName = DGChartsDynamic;
		};
		59A196272BBB20EE004F5DAC /* Common */ = {
			isa = XCSwiftPackageProductDependency;
			productName = Common;
		};
		59A196372BBB2230004F5DAC /* GeneralPokemon */ = {
			isa = XCSwiftPackageProductDependency;
			productName = GeneralPokemon;
		};
		59A1963A2BBB22BE004F5DAC /* Lottie */ = {
			isa = XCSwiftPackageProductDependency;
			package = 59A196392BBB22BE004F5DAC /* XCRemoteSwiftPackageReference "lottie-ios" */;
			productName = Lottie;
		};
/* End XCSwiftPackageProductDependency section */
	};
	rootObject = 596865562BBA892D00E8A6B6 /* Project object */;
}
